
Microsoft Visual Studio Solution File, Format Version 12.00
# Visual Studio 15
VisualStudioVersion = 15.0.27703.2042
MinimumVisualStudioVersion = 10.0.40219.1
Project("{FAE04EC0-301F-11D3-BF4B-00C04F79EFBC}") = "RodriBus.Utils", "RodriBus.Utils\RodriBus.Utils.csproj", "{1BB9984F-8AF7-4364-8E75-A38CD81B8656}"
EndProject
Global
	GlobalSection(SolutionConfigurationPlatforms) = preSolution
		Debug|Any CPU = Debug|Any CPU
		Release|Any CPU = Release|Any CPU
	EndGlobalSection
	GlobalSection(ProjectConfigurationPlatforms) = postSolution
		{1BB9984F-8AF7-4364-8E75-A38CD81B8656}.Debug|Any CPU.ActiveCfg = Debug|Any CPU
		{1BB9984F-8AF7-4364-8E75-A38CD81B8656}.Debug|Any CPU.Build.0 = Debug|Any CPU
		{1BB9984F-8AF7-4364-8E75-A38CD81B8656}.Release|Any CPU.ActiveCfg = Release|Any CPU
		{1BB9984F-8AF7-4364-8E75-A38CD81B8656}.Release|Any CPU.Build.0 = Release|Any CPU
	EndGlobalSection
	GlobalSection(SolutionProperties) = preSolution
		HideSolutionNode = FALSE
	EndGlobalSection
	GlobalSection(ExtensibilityGlobals) = postSolution
		SolutionGuid = {E98F3AFC-FA8F-4C70-BC9C-65E612FE8F41}
	EndGlobalSection
EndGlobal
